{
  "pins" : [
    {
      "identity" : "lottie-ios",
      "kind" : "remoteSourceControl",
      "location" : "https://github.com/airbnb/lottie-ios.git",
      "state" : {
        "revision" : "b4bd0604ded9574807f41b4004b57dd1226a30a4",
        "version" : "3.5.0"
      }
    },
    {
      "identity" : "swift-log",
      "kind" : "remoteSourceControl",
      "location" : "https://github.com/apple/swift-log.git",
      "state" : {
        "revision" : "6fe203dc33195667ce1759bf0182975e4653ba1c",
        "version" : "1.4.4"
      }
    }
  ],
  "version" : 2
}
