// !$*UTF8*$!
{
	archiveVersion = 1;
	classes = {
	};
	objectVersion = 56;
	objects = {

/* Begin PBXBuildFile section */
		429FE99E2929220B006B4A64 /* davidApp.swift in Sources */ = {isa = PBXBuildFile; fileRef = 429FE99D2929220B006B4A64 /* davidApp.swift */; };
		429FE9A22929220D006B4A64 /* Assets.xcassets in Resources */ = {isa = PBXBuildFile; fileRef = 429FE9A12929220D006B4A64 /* Assets.xcassets */; };
		429FE9A52929220D006B4A64 /* Preview Assets.xcassets in Resources */ = {isa = PBXBuildFile; fileRef = 429FE9A42929220D006B4A64 /* Preview Assets.xcassets */; };
		429FE9AD29292422006B4A64 /* AccountView.swift in Sources */ = {isa = PBXBuildFile; fileRef = 429FE9AC29292422006B4A64 /* AccountView.swift */; };
		429FE9AF29292465006B4A64 /* AppDelegate.swift in Sources */ = {isa = PBXBuildFile; fileRef = 429FE9AE29292465006B4A64 /* AppDelegate.swift */; };
		429FE9B12929249E006B4A64 /* MapView.swift in Sources */ = {isa = PBXBuildFile; fileRef = 429FE9B02929249E006B4A64 /* MapView.swift */; };
		429FE9B3292924D0006B4A64 /* LeaderBoardView.swift in Sources */ = {isa = PBXBuildFile; fileRef = 429FE9B2292924D0006B4A64 /* LeaderBoardView.swift */; };
		429FE9B52929250C006B4A64 /* MainView.swift in Sources */ = {isa = PBXBuildFile; fileRef = 429FE9B42929250C006B4A64 /* MainView.swift */; };
		429FE9B929292542006B4A64 /* SceneDelegate.swift in Sources */ = {isa = PBXBuildFile; fileRef = 429FE9B829292542006B4A64 /* SceneDelegate.swift */; };
		429FE9BB2929255D006B4A64 /* ViewController.swift in Sources */ = {isa = PBXBuildFile; fileRef = 429FE9BA2929255D006B4A64 /* ViewController.swift */; };
		429FE9BE2929257E006B4A64 /* ListComponent.swift in Sources */ = {isa = PBXBuildFile; fileRef = 429FE9BD2929257E006B4A64 /* ListComponent.swift */; };
		429FE9C029292595006B4A64 /* TextComponent.swift in Sources */ = {isa = PBXBuildFile; fileRef = 429FE9BF29292595006B4A64 /* TextComponent.swift */; };
		429FE9C3292925DF006B4A64 /* KartenViewModel.swift in Sources */ = {isa = PBXBuildFile; fileRef = 429FE9C2292925DF006B4A64 /* KartenViewModel.swift */; };
		429FE9C5292925F5006B4A64 /* Color.swift in Sources */ = {isa = PBXBuildFile; fileRef = 429FE9C4292925F5006B4A64 /* Color.swift */; };
		429FE9CB29292631006B4A64 /* HTTPMethod.swift in Sources */ = {isa = PBXBuildFile; fileRef = 429FE9CA29292631006B4A64 /* HTTPMethod.swift */; };
		429FE9CD2929265E006B4A64 /* NoteStruct.swift in Sources */ = {isa = PBXBuildFile; fileRef = 429FE9CC2929265E006B4A64 /* NoteStruct.swift */; };
		429FE9CF29292674006B4A64 /* UserSettings.swift in Sources */ = {isa = PBXBuildFile; fileRef = 429FE9CE29292674006B4A64 /* UserSettings.swift */; };
		429FE9D12929268E006B4A64 /* UserSettingsManager.swift in Sources */ = {isa = PBXBuildFile; fileRef = 429FE9D02929268E006B4A64 /* UserSettingsManager.swift */; };
		429FE9D429292713006B4A64 /* TitleModifier.swift in Sources */ = {isa = PBXBuildFile; fileRef = 429FE9D329292713006B4A64 /* TitleModifier.swift */; };
		429FE9D629292744006B4A64 /* DescriptionModifier.swift in Sources */ = {isa = PBXBuildFile; fileRef = 429FE9D529292744006B4A64 /* DescriptionModifier.swift */; };
		429FE9D829292759006B4A64 /* TextModifier.swift in Sources */ = {isa = PBXBuildFile; fileRef = 429FE9D729292759006B4A64 /* TextModifier.swift */; };
		429FE9DA29292775006B4A64 /* ProfilePictureModifier.swift in Sources */ = {isa = PBXBuildFile; fileRef = 429FE9D929292775006B4A64 /* ProfilePictureModifier.swift */; };
		429FE9DF29293B2E006B4A64 /* StickyNote.swift in Sources */ = {isa = PBXBuildFile; fileRef = 429FE9DE29293B2E006B4A64 /* StickyNote.swift */; };
		429FE9E829294895006B4A64 /* StickyNoteSheetView.swift in Sources */ = {isa = PBXBuildFile; fileRef = 429FE9E729294895006B4A64 /* StickyNoteSheetView.swift */; };
		429FE9EF292950B6006B4A64 /* UIScreen.swift in Sources */ = {isa = PBXBuildFile; fileRef = 429FE9EE292950B6006B4A64 /* UIScreen.swift */; };
		429FE9F329296E45006B4A64 /* RequestHandler.swift in Sources */ = {isa = PBXBuildFile; fileRef = 429FE9F229296E45006B4A64 /* RequestHandler.swift */; };
		429FE9F7292970EB006B4A64 /* MapViewModel.swift in Sources */ = {isa = PBXBuildFile; fileRef = 429FE9F6292970EB006B4A64 /* MapViewModel.swift */; };
		429FE9F92929735A006B4A64 /* LeaderBoardViewModel.swift in Sources */ = {isa = PBXBuildFile; fileRef = 429FE9F82929735A006B4A64 /* LeaderBoardViewModel.swift */; };
/* End PBXBuildFile section */

/* Begin PBXFileReference section */
		429FE99A2929220B006B4A64 /* david.app */ = {isa = PBXFileReference; explicitFileType = wrapper.application; includeInIndex = 0; path = david.app; sourceTree = BUILT_PRODUCTS_DIR; };
		429FE99D2929220B006B4A64 /* davidApp.swift */ = {isa = PBXFileReference; lastKnownFileType = sourcecode.swift; path = davidApp.swift; sourceTree = "<group>"; };
		429FE9A12929220D006B4A64 /* Assets.xcassets */ = {isa = PBXFileReference; lastKnownFileType = folder.assetcatalog; path = Assets.xcassets; sourceTree = "<group>"; };
		429FE9A42929220D006B4A64 /* Preview Assets.xcassets */ = {isa = PBXFileReference; lastKnownFileType = folder.assetcatalog; path = "Preview Assets.xcassets"; sourceTree = "<group>"; };
		429FE9AC29292422006B4A64 /* AccountView.swift */ = {isa = PBXFileReference; lastKnownFileType = sourcecode.swift; path = AccountView.swift; sourceTree = "<group>"; };
		429FE9AE29292465006B4A64 /* AppDelegate.swift */ = {isa = PBXFileReference; lastKnownFileType = sourcecode.swift; path = AppDelegate.swift; sourceTree = "<group>"; };
		429FE9B02929249E006B4A64 /* MapView.swift */ = {isa = PBXFileReference; lastKnownFileType = sourcecode.swift; path = MapView.swift; sourceTree = "<group>"; };
		429FE9B2292924D0006B4A64 /* LeaderBoardView.swift */ = {isa = PBXFileReference; lastKnownFileType = sourcecode.swift; path = LeaderBoardView.swift; sourceTree = "<group>"; };
		429FE9B42929250C006B4A64 /* MainView.swift */ = {isa = PBXFileReference; lastKnownFileType = sourcecode.swift; path = MainView.swift; sourceTree = "<group>"; };
		429FE9B829292542006B4A64 /* SceneDelegate.swift */ = {isa = PBXFileReference; lastKnownFileType = sourcecode.swift; path = SceneDelegate.swift; sourceTree = "<group>"; };
		429FE9BA2929255D006B4A64 /* ViewController.swift */ = {isa = PBXFileReference; lastKnownFileType = sourcecode.swift; path = ViewController.swift; sourceTree = "<group>"; };
		429FE9BD2929257E006B4A64 /* ListComponent.swift */ = {isa = PBXFileReference; lastKnownFileType = sourcecode.swift; path = ListComponent.swift; sourceTree = "<group>"; };
		429FE9BF29292595006B4A64 /* TextComponent.swift */ = {isa = PBXFileReference; lastKnownFileType = sourcecode.swift; path = TextComponent.swift; sourceTree = "<group>"; };
		429FE9C2292925DF006B4A64 /* KartenViewModel.swift */ = {isa = PBXFileReference; lastKnownFileType = sourcecode.swift; path = KartenViewModel.swift; sourceTree = "<group>"; };
		429FE9C4292925F5006B4A64 /* Color.swift */ = {isa = PBXFileReference; lastKnownFileType = sourcecode.swift; path = Color.swift; sourceTree = "<group>"; };
		429FE9CA29292631006B4A64 /* HTTPMethod.swift */ = {isa = PBXFileReference; lastKnownFileType = sourcecode.swift; path = HTTPMethod.swift; sourceTree = "<group>"; };
		429FE9CC2929265E006B4A64 /* NoteStruct.swift */ = {isa = PBXFileReference; lastKnownFileType = sourcecode.swift; path = NoteStruct.swift; sourceTree = "<group>"; };
		429FE9CE29292674006B4A64 /* UserSettings.swift */ = {isa = PBXFileReference; lastKnownFileType = sourcecode.swift; path = UserSettings.swift; sourceTree = "<group>"; };
		429FE9D02929268E006B4A64 /* UserSettingsManager.swift */ = {isa = PBXFileReference; lastKnownFileType = sourcecode.swift; path = UserSettingsManager.swift; sourceTree = "<group>"; };
		429FE9D329292713006B4A64 /* TitleModifier.swift */ = {isa = PBXFileReference; lastKnownFileType = sourcecode.swift; path = TitleModifier.swift; sourceTree = "<group>"; };
		429FE9D529292744006B4A64 /* DescriptionModifier.swift */ = {isa = PBXFileReference; lastKnownFileType = sourcecode.swift; path = DescriptionModifier.swift; sourceTree = "<group>"; };
		429FE9D729292759006B4A64 /* TextModifier.swift */ = {isa = PBXFileReference; lastKnownFileType = sourcecode.swift; path = TextModifier.swift; sourceTree = "<group>"; };
		429FE9D929292775006B4A64 /* ProfilePictureModifier.swift */ = {isa = PBXFileReference; lastKnownFileType = sourcecode.swift; path = ProfilePictureModifier.swift; sourceTree = "<group>"; };
		429FE9DE29293B2E006B4A64 /* StickyNote.swift */ = {isa = PBXFileReference; lastKnownFileType = sourcecode.swift; path = StickyNote.swift; sourceTree = "<group>"; };
		429FE9E129293F9A006B4A64 /* KohSantepheap-Bold.ttf */ = {isa = PBXFileReference; lastKnownFileType = file; path = "KohSantepheap-Bold.ttf"; sourceTree = "<group>"; };
		429FE9E229293F9A006B4A64 /* KohSantepheap-Black.ttf */ = {isa = PBXFileReference; lastKnownFileType = file; path = "KohSantepheap-Black.ttf"; sourceTree = "<group>"; };
		429FE9E329293F9A006B4A64 /* KohSantepheap-Light.ttf */ = {isa = PBXFileReference; lastKnownFileType = file; path = "KohSantepheap-Light.ttf"; sourceTree = "<group>"; };
		429FE9E429293F9A006B4A64 /* KohSantepheap-Regular.ttf */ = {isa = PBXFileReference; lastKnownFileType = file; path = "KohSantepheap-Regular.ttf"; sourceTree = "<group>"; };
		429FE9E529293F9B006B4A64 /* KohSantepheap-Thin.ttf */ = {isa = PBXFileReference; lastKnownFileType = file; path = "KohSantepheap-Thin.ttf"; sourceTree = "<group>"; };
		429FE9E729294895006B4A64 /* StickyNoteSheetView.swift */ = {isa = PBXFileReference; lastKnownFileType = sourcecode.swift; path = StickyNoteSheetView.swift; sourceTree = "<group>"; };
		429FE9EE292950B6006B4A64 /* UIScreen.swift */ = {isa = PBXFileReference; lastKnownFileType = sourcecode.swift; path = UIScreen.swift; sourceTree = "<group>"; };
		429FE9F229296E45006B4A64 /* RequestHandler.swift */ = {isa = PBXFileReference; lastKnownFileType = sourcecode.swift; path = RequestHandler.swift; sourceTree = "<group>"; };
		429FE9F6292970EB006B4A64 /* MapViewModel.swift */ = {isa = PBXFileReference; lastKnownFileType = sourcecode.swift; path = MapViewModel.swift; sourceTree = "<group>"; };
		429FE9F82929735A006B4A64 /* LeaderBoardViewModel.swift */ = {isa = PBXFileReference; lastKnownFileType = sourcecode.swift; path = LeaderBoardViewModel.swift; sourceTree = "<group>"; };
/* End PBXFileReference section */

/* Begin PBXFrameworksBuildPhase section */
		429FE9972929220B006B4A64 /* Frameworks */ = {
			isa = PBXFrameworksBuildPhase;
			buildActionMask = 2147483647;
			files = (
			);
			runOnlyForDeploymentPostprocessing = 0;
		};
/* End PBXFrameworksBuildPhase section */

/* Begin PBXGroup section */
		429FE9912929220A006B4A64 = {
			isa = PBXGroup;
			children = (
				429FE99C2929220B006B4A64 /* david */,
				429FE99B2929220B006B4A64 /* Products */,
			);
			sourceTree = "<group>";
		};
		429FE99B2929220B006B4A64 /* Products */ = {
			isa = PBXGroup;
			children = (
				429FE99A2929220B006B4A64 /* david.app */,
			);
			name = Products;
			sourceTree = "<group>";
		};
		429FE99C2929220B006B4A64 /* david */ = {
			isa = PBXGroup;
			children = (
				429FE9E029293F8C006B4A64 /* resources */,
				429FE9D229292705006B4A64 /* viewModifiers */,
				429FE9C72929261E006B4A64 /* models */,
				429FE9C629292603006B4A64 /* utils */,
				429FE9C1292925CE006B4A64 /* viewModel */,
				429FE9AB2929240C006B4A64 /* views */,
				429FE99D2929220B006B4A64 /* davidApp.swift */,
				429FE9A12929220D006B4A64 /* Assets.xcassets */,
				429FE9A32929220D006B4A64 /* Preview Content */,
			);
			path = david;
			sourceTree = "<group>";
		};
		429FE9A32929220D006B4A64 /* Preview Content */ = {
			isa = PBXGroup;
			children = (
				429FE9A42929220D006B4A64 /* Preview Assets.xcassets */,
			);
			path = "Preview Content";
			sourceTree = "<group>";
		};
		429FE9AB2929240C006B4A64 /* views */ = {
			isa = PBXGroup;
			children = (
				429FE9E9292949D0006B4A64 /* unused */,
				429FE9BC29292572006B4A64 /* uiComponents */,
				429FE9EA29294BF9006B4A64 /* tabViews */,
				429FE9B42929250C006B4A64 /* MainView.swift */,
			);
			path = views;
			sourceTree = "<group>";
		};
		429FE9BC29292572006B4A64 /* uiComponents */ = {
			isa = PBXGroup;
			children = (
				429FE9BD2929257E006B4A64 /* ListComponent.swift */,
				429FE9BF29292595006B4A64 /* TextComponent.swift */,
			);
			path = uiComponents;
			sourceTree = "<group>";
		};
		429FE9C1292925CE006B4A64 /* viewModel */ = {
			isa = PBXGroup;
			children = (
				429FE9C2292925DF006B4A64 /* KartenViewModel.swift */,
				429FE9F6292970EB006B4A64 /* MapViewModel.swift */,
				429FE9F82929735A006B4A64 /* LeaderBoardViewModel.swift */,
			);
			path = viewModel;
			sourceTree = "<group>";
		};
		429FE9C629292603006B4A64 /* utils */ = {
			isa = PBXGroup;
			children = (
				429FE9C4292925F5006B4A64 /* Color.swift */,
				429FE9EE292950B6006B4A64 /* UIScreen.swift */,
			);
			path = utils;
			sourceTree = "<group>";
		};
		429FE9C72929261E006B4A64 /* models */ = {
			isa = PBXGroup;
			children = (
				429FE9F52929707E006B4A64 /* userDefaults */,
				429FE9F429297072006B4A64 /* client */,
				429FE9CC2929265E006B4A64 /* NoteStruct.swift */,
			);
			path = models;
			sourceTree = "<group>";
		};
		429FE9D229292705006B4A64 /* viewModifiers */ = {
			isa = PBXGroup;
			children = (
				429FE9D329292713006B4A64 /* TitleModifier.swift */,
				429FE9D529292744006B4A64 /* DescriptionModifier.swift */,
				429FE9D729292759006B4A64 /* TextModifier.swift */,
				429FE9D929292775006B4A64 /* ProfilePictureModifier.swift */,
			);
			path = viewModifiers;
			sourceTree = "<group>";
		};
		429FE9DD29293B1D006B4A64 /* stickyNotes */ = {
			isa = PBXGroup;
			children = (
				429FE9E729294895006B4A64 /* StickyNoteSheetView.swift */,
				429FE9DE29293B2E006B4A64 /* StickyNote.swift */,
			);
			path = stickyNotes;
			sourceTree = "<group>";
		};
		429FE9E029293F8C006B4A64 /* resources */ = {
			isa = PBXGroup;
			children = (
				429FE9E629293F9E006B4A64 /* fonts */,
			);
			path = resources;
			sourceTree = "<group>";
		};
		429FE9E629293F9E006B4A64 /* fonts */ = {
			isa = PBXGroup;
			children = (
				429FE9E229293F9A006B4A64 /* KohSantepheap-Black.ttf */,
				429FE9E129293F9A006B4A64 /* KohSantepheap-Bold.ttf */,
				429FE9E329293F9A006B4A64 /* KohSantepheap-Light.ttf */,
				429FE9E429293F9A006B4A64 /* KohSantepheap-Regular.ttf */,
				429FE9E529293F9B006B4A64 /* KohSantepheap-Thin.ttf */,
			);
			path = fonts;
			sourceTree = "<group>";
		};
		429FE9E9292949D0006B4A64 /* unused */ = {
			isa = PBXGroup;
			children = (
				429FE9AE29292465006B4A64 /* AppDelegate.swift */,
				429FE9BA2929255D006B4A64 /* ViewController.swift */,
				429FE9B829292542006B4A64 /* SceneDelegate.swift */,
			);
			path = unused;
			sourceTree = "<group>";
		};
		429FE9EA29294BF9006B4A64 /* tabViews */ = {
			isa = PBXGroup;
			children = (
				429FE9ED29294C26006B4A64 /* leaderBoard */,
				429FE9EC29294C1C006B4A64 /* map */,
				429FE9EB29294C14006B4A64 /* account */,
			);
			path = tabViews;
			sourceTree = "<group>";
		};
		429FE9EB29294C14006B4A64 /* account */ = {
			isa = PBXGroup;
			children = (
				429FE9AC29292422006B4A64 /* AccountView.swift */,
			);
			path = account;
			sourceTree = "<group>";
		};
		429FE9EC29294C1C006B4A64 /* map */ = {
			isa = PBXGroup;
			children = (
				429FE9DD29293B1D006B4A64 /* stickyNotes */,
				429FE9B02929249E006B4A64 /* MapView.swift */,
			);
			path = map;
			sourceTree = "<group>";
		};
		429FE9ED29294C26006B4A64 /* leaderBoard */ = {
			isa = PBXGroup;
			children = (
				429FE9B2292924D0006B4A64 /* LeaderBoardView.swift */,
			);
			path = leaderBoard;
			sourceTree = "<group>";
		};
		429FE9F429297072006B4A64 /* client */ = {
			isa = PBXGroup;
			children = (
				429FE9F229296E45006B4A64 /* RequestHandler.swift */,
				429FE9CA29292631006B4A64 /* HTTPMethod.swift */,
			);
			path = client;
			sourceTree = "<group>";
		};
		429FE9F52929707E006B4A64 /* userDefaults */ = {
			isa = PBXGroup;
			children = (
				429FE9CE29292674006B4A64 /* UserSettings.swift */,
				429FE9D02929268E006B4A64 /* UserSettingsManager.swift */,
			);
			path = userDefaults;
			sourceTree = "<group>";
		};
/* End PBXGroup section */

/* Begin PBXNativeTarget section */
		429FE9992929220B006B4A64 /* david */ = {
			isa = PBXNativeTarget;
			buildConfigurationList = 429FE9A82929220D006B4A64 /* Build configuration list for PBXNativeTarget "david" */;
			buildPhases = (
				429FE9962929220B006B4A64 /* Sources */,
				429FE9972929220B006B4A64 /* Frameworks */,
				429FE9982929220B006B4A64 /* Resources */,
			);
			buildRules = (
			);
			dependencies = (
			);
			name = david;
			productName = david;
			productReference = 429FE99A2929220B006B4A64 /* david.app */;
			productType = "com.apple.product-type.application";
		};
/* End PBXNativeTarget section */

/* Begin PBXProject section */
		429FE9922929220A006B4A64 /* Project object */ = {
			isa = PBXProject;
			attributes = {
				BuildIndependentTargetsInParallel = 1;
				LastSwiftUpdateCheck = 1410;
				LastUpgradeCheck = 1410;
				TargetAttributes = {
					429FE9992929220B006B4A64 = {
						CreatedOnToolsVersion = 14.1;
					};
				};
			};
			buildConfigurationList = 429FE9952929220A006B4A64 /* Build configuration list for PBXProject "david" */;
			compatibilityVersion = "Xcode 14.0";
			developmentRegion = en;
			hasScannedForEncodings = 0;
			knownRegions = (
				en,
				Base,
			);
			mainGroup = 429FE9912929220A006B4A64;
			productRefGroup = 429FE99B2929220B006B4A64 /* Products */;
			projectDirPath = "";
			projectRoot = "";
			targets = (
				429FE9992929220B006B4A64 /* david */,
			);
		};
/* End PBXProject section */

/* Begin PBXResourcesBuildPhase section */
		429FE9982929220B006B4A64 /* Resources */ = {
			isa = PBXResourcesBuildPhase;
			buildActionMask = 2147483647;
			files = (
				429FE9A52929220D006B4A64 /* Preview Assets.xcassets in Resources */,
				429FE9A22929220D006B4A64 /* Assets.xcassets in Resources */,
			);
			runOnlyForDeploymentPostprocessing = 0;
		};
/* End PBXResourcesBuildPhase section */

/* Begin PBXSourcesBuildPhase section */
		429FE9962929220B006B4A64 /* Sources */ = {
			isa = PBXSourcesBuildPhase;
			buildActionMask = 2147483647;
			files = (
				429FE9BB2929255D006B4A64 /* ViewController.swift in Sources */,
				429FE9AF29292465006B4A64 /* AppDelegate.swift in Sources */,
				429FE9DA29292775006B4A64 /* ProfilePictureModifier.swift in Sources */,
				429FE9C5292925F5006B4A64 /* Color.swift in Sources */,
				429FE9BE2929257E006B4A64 /* ListComponent.swift in Sources */,
				429FE9D829292759006B4A64 /* TextModifier.swift in Sources */,
				429FE9F7292970EB006B4A64 /* MapViewModel.swift in Sources */,
				429FE9B929292542006B4A64 /* SceneDelegate.swift in Sources */,
				429FE9F92929735A006B4A64 /* LeaderBoardViewModel.swift in Sources */,
				429FE9CD2929265E006B4A64 /* NoteStruct.swift in Sources */,
				429FE9EF292950B6006B4A64 /* UIScreen.swift in Sources */,
				429FE9C3292925DF006B4A64 /* KartenViewModel.swift in Sources */,
				429FE9B52929250C006B4A64 /* MainView.swift in Sources */,
				429FE9C029292595006B4A64 /* TextComponent.swift in Sources */,
				429FE9AD29292422006B4A64 /* AccountView.swift in Sources */,
				429FE9B12929249E006B4A64 /* MapView.swift in Sources */,
				429FE9F329296E45006B4A64 /* RequestHandler.swift in Sources */,
				429FE9CB29292631006B4A64 /* HTTPMethod.swift in Sources */,
				429FE9B3292924D0006B4A64 /* LeaderBoardView.swift in Sources */,
				429FE9D629292744006B4A64 /* DescriptionModifier.swift in Sources */,
				429FE9D12929268E006B4A64 /* UserSettingsManager.swift in Sources */,
				429FE9D429292713006B4A64 /* TitleModifier.swift in Sources */,
				429FE99E2929220B006B4A64 /* davidApp.swift in Sources */,
				429FE9DF29293B2E006B4A64 /* StickyNote.swift in Sources */,
				429FE9E829294895006B4A64 /* StickyNoteSheetView.swift in Sources */,
				429FE9CF29292674006B4A64 /* UserSettings.swift in Sources */,
			);
			runOnlyForDeploymentPostprocessing = 0;
		};
/* End PBXSourcesBuildPhase section */

/* Begin XCBuildConfiguration section */
		429FE9A62929220D006B4A64 /* Debug */ = {
			isa = XCBuildConfiguration;
			buildSettings = {
				ALWAYS_SEARCH_USER_PATHS = NO;
				CLANG_ANALYZER_NONNULL = YES;
				CLANG_ANALYZER_NUMBER_OBJECT_CONVERSION = YES_AGGRESSIVE;
				CLANG_CXX_LANGUAGE_STANDARD = "gnu++20";
				CLANG_ENABLE_MODULES = YES;
				CLANG_ENABLE_OBJC_ARC = YES;
				CLANG_ENABLE_OBJC_WEAK = YES;
				CLANG_WARN_BLOCK_CAPTURE_AUTORELEASING = YES;
				CLANG_WARN_BOOL_CONVERSION = YES;
				CLANG_WARN_COMMA = YES;
				CLANG_WARN_CONSTANT_CONVERSION = YES;
				CLANG_WARN_DEPRECATED_OBJC_IMPLEMENTATIONS = YES;
				CLANG_WARN_DIRECT_OBJC_ISA_USAGE = YES_ERROR;
				CLANG_WARN_DOCUMENTATION_COMMENTS = YES;
				CLANG_WARN_EMPTY_BODY = YES;
				CLANG_WARN_ENUM_CONVERSION = YES;
				CLANG_WARN_INFINITE_RECURSION = YES;
				CLANG_WARN_INT_CONVERSION = YES;
				CLANG_WARN_NON_LITERAL_NULL_CONVERSION = YES;
				CLANG_WARN_OBJC_IMPLICIT_RETAIN_SELF = YES;
				CLANG_WARN_OBJC_LITERAL_CONVERSION = YES;
				CLANG_WARN_OBJC_ROOT_CLASS = YES_ERROR;
				CLANG_WARN_QUOTED_INCLUDE_IN_FRAMEWORK_HEADER = YES;
				CLANG_WARN_RANGE_LOOP_ANALYSIS = YES;
				CLANG_WARN_STRICT_PROTOTYPES = YES;
				CLANG_WARN_SUSPICIOUS_MOVE = YES;
				CLANG_WARN_UNGUARDED_AVAILABILITY = YES_AGGRESSIVE;
				CLANG_WARN_UNREACHABLE_CODE = YES;
				CLANG_WARN__DUPLICATE_METHOD_MATCH = YES;
				COPY_PHASE_STRIP = NO;
				DEBUG_INFORMATION_FORMAT = dwarf;
				ENABLE_STRICT_OBJC_MSGSEND = YES;
				ENABLE_TESTABILITY = YES;
				GCC_C_LANGUAGE_STANDARD = gnu11;
				GCC_DYNAMIC_NO_PIC = NO;
				GCC_NO_COMMON_BLOCKS = YES;
				GCC_OPTIMIZATION_LEVEL = 0;
				GCC_PREPROCESSOR_DEFINITIONS = (
					"DEBUG=1",
					"$(inherited)",
				);
				GCC_WARN_64_TO_32_BIT_CONVERSION = YES;
				GCC_WARN_ABOUT_RETURN_TYPE = YES_ERROR;
				GCC_WARN_UNDECLARED_SELECTOR = YES;
				GCC_WARN_UNINITIALIZED_AUTOS = YES_AGGRESSIVE;
				GCC_WARN_UNUSED_FUNCTION = YES;
				GCC_WARN_UNUSED_VARIABLE = YES;
				IPHONEOS_DEPLOYMENT_TARGET = 16.1;
				MTL_ENABLE_DEBUG_INFO = INCLUDE_SOURCE;
				MTL_FAST_MATH = YES;
				ONLY_ACTIVE_ARCH = YES;
				SDKROOT = iphoneos;
				SWIFT_ACTIVE_COMPILATION_CONDITIONS = DEBUG;
				SWIFT_OPTIMIZATION_LEVEL = "-Onone";
			};
			name = Debug;
		};
		429FE9A72929220D006B4A64 /* Release */ = {
			isa = XCBuildConfiguration;
			buildSettings = {
				ALWAYS_SEARCH_USER_PATHS = NO;
				CLANG_ANALYZER_NONNULL = YES;
				CLANG_ANALYZER_NUMBER_OBJECT_CONVERSION = YES_AGGRESSIVE;
				CLANG_CXX_LANGUAGE_STANDARD = "gnu++20";
				CLANG_ENABLE_MODULES = YES;
				CLANG_ENABLE_OBJC_ARC = YES;
				CLANG_ENABLE_OBJC_WEAK = YES;
				CLANG_WARN_BLOCK_CAPTURE_AUTORELEASING = YES;
				CLANG_WARN_BOOL_CONVERSION = YES;
				CLANG_WARN_COMMA = YES;
				CLANG_WARN_CONSTANT_CONVERSION = YES;
				CLANG_WARN_DEPRECATED_OBJC_IMPLEMENTATIONS = YES;
				CLANG_WARN_DIRECT_OBJC_ISA_USAGE = YES_ERROR;
				CLANG_WARN_DOCUMENTATION_COMMENTS = YES;
				CLANG_WARN_EMPTY_BODY = YES;
				CLANG_WARN_ENUM_CONVERSION = YES;
				CLANG_WARN_INFINITE_RECURSION = YES;
				CLANG_WARN_INT_CONVERSION = YES;
				CLANG_WARN_NON_LITERAL_NULL_CONVERSION = YES;
				CLANG_WARN_OBJC_IMPLICIT_RETAIN_SELF = YES;
				CLANG_WARN_OBJC_LITERAL_CONVERSION = YES;
				CLANG_WARN_OBJC_ROOT_CLASS = YES_ERROR;
				CLANG_WARN_QUOTED_INCLUDE_IN_FRAMEWORK_HEADER = YES;
				CLANG_WARN_RANGE_LOOP_ANALYSIS = YES;
				CLANG_WARN_STRICT_PROTOTYPES = YES;
				CLANG_WARN_SUSPICIOUS_MOVE = YES;
				CLANG_WARN_UNGUARDED_AVAILABILITY = YES_AGGRESSIVE;
				CLANG_WARN_UNREACHABLE_CODE = YES;
				CLANG_WARN__DUPLICATE_METHOD_MATCH = YES;
				COPY_PHASE_STRIP = NO;
				DEBUG_INFORMATION_FORMAT = "dwarf-with-dsym";
				ENABLE_NS_ASSERTIONS = NO;
				ENABLE_STRICT_OBJC_MSGSEND = YES;
				GCC_C_LANGUAGE_STANDARD = gnu11;
				GCC_NO_COMMON_BLOCKS = YES;
				GCC_WARN_64_TO_32_BIT_CONVERSION = YES;
				GCC_WARN_ABOUT_RETURN_TYPE = YES_ERROR;
				GCC_WARN_UNDECLARED_SELECTOR = YES;
				GCC_WARN_UNINITIALIZED_AUTOS = YES_AGGRESSIVE;
				GCC_WARN_UNUSED_FUNCTION = YES;
				GCC_WARN_UNUSED_VARIABLE = YES;
				IPHONEOS_DEPLOYMENT_TARGET = 16.1;
				MTL_ENABLE_DEBUG_INFO = NO;
				MTL_FAST_MATH = YES;
				SDKROOT = iphoneos;
				SWIFT_COMPILATION_MODE = wholemodule;
				SWIFT_OPTIMIZATION_LEVEL = "-O";
				VALIDATE_PRODUCT = YES;
			};
			name = Release;
		};
		429FE9A92929220D006B4A64 /* Debug */ = {
			isa = XCBuildConfiguration;
			buildSettings = {
				ASSETCATALOG_COMPILER_APPICON_NAME = AppIcon;
				ASSETCATALOG_COMPILER_GLOBAL_ACCENT_COLOR_NAME = AccentColor;
				CODE_SIGN_STYLE = Automatic;
				CURRENT_PROJECT_VERSION = 1;
				DEVELOPMENT_ASSET_PATHS = "\"david/Preview Content\"";
				DEVELOPMENT_TEAM = SR29XA88VK;
				ENABLE_PREVIEWS = YES;
				GENERATE_INFOPLIST_FILE = YES;
				INFOPLIST_KEY_NSLocationWhenInUseUsageDescription = "datenschutz ist uns nicht wichtig";
				INFOPLIST_KEY_UIApplicationSceneManifest_Generation = YES;
				INFOPLIST_KEY_UIApplicationSupportsIndirectInputEvents = YES;
				INFOPLIST_KEY_UILaunchScreen_Generation = YES;
				INFOPLIST_KEY_UISupportedInterfaceOrientations_iPad = "UIInterfaceOrientationPortrait UIInterfaceOrientationPortraitUpsideDown UIInterfaceOrientationLandscapeLeft UIInterfaceOrientationLandscapeRight";
				INFOPLIST_KEY_UISupportedInterfaceOrientations_iPhone = "UIInterfaceOrientationPortrait UIInterfaceOrientationLandscapeLeft UIInterfaceOrientationLandscapeRight";
				LD_RUNPATH_SEARCH_PATHS = (
					"$(inherited)",
					"@executable_path/Frameworks",
				);
				MARKETING_VERSION = 1.0;
				PRODUCT_BUNDLE_IDENTIFIER = me.heidialbarazi.david;
				PRODUCT_NAME = "$(TARGET_NAME)";
				SWIFT_EMIT_LOC_STRINGS = YES;
				SWIFT_VERSION = 5.0;
				TARGETED_DEVICE_FAMILY = "1,2";
			};
			name = Debug;
		};
		429FE9AA2929220D006B4A64 /* Release */ = {
			isa = XCBuildConfiguration;
			buildSettings = {
				ASSETCATALOG_COMPILER_APPICON_NAME = AppIcon;
				ASSETCATALOG_COMPILER_GLOBAL_ACCENT_COLOR_NAME = AccentColor;
				CODE_SIGN_STYLE = Automatic;
				CURRENT_PROJECT_VERSION = 1;
				DEVELOPMENT_ASSET_PATHS = "\"david/Preview Content\"";
				DEVELOPMENT_TEAM = SR29XA88VK;
				ENABLE_PREVIEWS = YES;
				GENERATE_INFOPLIST_FILE = YES;
				INFOPLIST_KEY_NSLocationWhenInUseUsageDescription = "datenschutz ist uns nicht wichtig";
				INFOPLIST_KEY_UIApplicationSceneManifest_Generation = YES;
				INFOPLIST_KEY_UIApplicationSupportsIndirectInputEvents = YES;
				INFOPLIST_KEY_UILaunchScreen_Generation = YES;
				INFOPLIST_KEY_UISupportedInterfaceOrientations_iPad = "UIInterfaceOrientationPortrait UIInterfaceOrientationPortraitUpsideDown UIInterfaceOrientationLandscapeLeft UIInterfaceOrientationLandscapeRight";
				INFOPLIST_KEY_UISupportedInterfaceOrientations_iPhone = "UIInterfaceOrientationPortrait UIInterfaceOrientationLandscapeLeft UIInterfaceOrientationLandscapeRight";
				LD_RUNPATH_SEARCH_PATHS = (
					"$(inherited)",
					"@executable_path/Frameworks",
				);
				MARKETING_VERSION = 1.0;
				PRODUCT_BUNDLE_IDENTIFIER = me.heidialbarazi.david;
				PRODUCT_NAME = "$(TARGET_NAME)";
				SWIFT_EMIT_LOC_STRINGS = YES;
				SWIFT_VERSION = 5.0;
				TARGETED_DEVICE_FAMILY = "1,2";
			};
			name = Release;
		};
/* End XCBuildConfiguration section */

/* Begin XCConfigurationList section */
		429FE9952929220A006B4A64 /* Build configuration list for PBXProject "david" */ = {
			isa = XCConfigurationList;
			buildConfigurations = (
				429FE9A62929220D006B4A64 /* Debug */,
				429FE9A72929220D006B4A64 /* Release */,
			);
			defaultConfigurationIsVisible = 0;
			defaultConfigurationName = Release;
		};
		429FE9A82929220D006B4A64 /* Build configuration list for PBXNativeTarget "david" */ = {
			isa = XCConfigurationList;
			buildConfigurations = (
				429FE9A92929220D006B4A64 /* Debug */,
				429FE9AA2929220D006B4A64 /* Release */,
			);
			defaultConfigurationIsVisible = 0;
			defaultConfigurationName = Release;
		};
/* End XCConfigurationList section */
	};
	rootObject = 429FE9922929220A006B4A64 /* Project object */;
}
