// !$*UTF8*$!
{
	archiveVersion = 1;
	classes = {
	};
	objectVersion = 56;
	objects = {

/* Begin PBXBuildFile section */
		429FE97D2928D990006B4A64 /* KartenViewModel.swift in Sources */ = {isa = PBXBuildFile; fileRef = 429FE97C2928D990006B4A64 /* KartenViewModel.swift */; };
		429FE97F2928D9C0006B4A64 /* KartenView.swift in Sources */ = {isa = PBXBuildFile; fileRef = 429FE97E2928D9C0006B4A64 /* KartenView.swift */; };
		429FE9812928DEF5006B4A64 /* HTTPMethod.swift in Sources */ = {isa = PBXBuildFile; fileRef = 429FE9802928DEF5006B4A64 /* HTTPMethod.swift */; };
		429FE9862928E366006B4A64 /* DavidClient.swift in Sources */ = {isa = PBXBuildFile; fileRef = 429FE9852928E366006B4A64 /* DavidClient.swift */; };
		42D821C7292859D50010605F /* davidApp.swift in Sources */ = {isa = PBXBuildFile; fileRef = 42D821C6292859D50010605F /* davidApp.swift */; };
		42D821CB292859D70010605F /* Assets.xcassets in Resources */ = {isa = PBXBuildFile; fileRef = 42D821CA292859D70010605F /* Assets.xcassets */; };
		42D821CE292859D70010605F /* Preview Assets.xcassets in Resources */ = {isa = PBXBuildFile; fileRef = 42D821CD292859D70010605F /* Preview Assets.xcassets */; };
		42D821D629285ADE0010605F /* MainView.swift in Sources */ = {isa = PBXBuildFile; fileRef = 42D821D529285ADE0010605F /* MainView.swift */; };
		42D821D829285B1D0010605F /* AccountView.swift in Sources */ = {isa = PBXBuildFile; fileRef = 42D821D729285B1D0010605F /* AccountView.swift */; };
		42D821DA29285B2D0010605F /* LeaderBoardView.swift in Sources */ = {isa = PBXBuildFile; fileRef = 42D821D929285B2D0010605F /* LeaderBoardView.swift */; };
		42D821DC29285B360010605F /* MapView.swift in Sources */ = {isa = PBXBuildFile; fileRef = 42D821DB29285B360010605F /* MapView.swift */; };
		42D821DF29285CFF0010605F /* ListComponent.swift in Sources */ = {isa = PBXBuildFile; fileRef = 42D821DE29285CFF0010605F /* ListComponent.swift */; };
		42D821E129285D1A0010605F /* TextComponent.swift in Sources */ = {isa = PBXBuildFile; fileRef = 42D821E029285D1A0010605F /* TextComponent.swift */; };
		42D821E429285D4B0010605F /* DescriptionModifier.swift in Sources */ = {isa = PBXBuildFile; fileRef = 42D821E329285D4B0010605F /* DescriptionModifier.swift */; };
		42D821E629285D690010605F /* ProfilePictureModifier.swift in Sources */ = {isa = PBXBuildFile; fileRef = 42D821E529285D690010605F /* ProfilePictureModifier.swift */; };
		42D821E829285D960010605F /* TextModifier.swift in Sources */ = {isa = PBXBuildFile; fileRef = 42D821E729285D960010605F /* TextModifier.swift */; };
		42D821EA29285DB90010605F /* TitleModifier.swift in Sources */ = {isa = PBXBuildFile; fileRef = 42D821E929285DB90010605F /* TitleModifier.swift */; };
		42D821EF29285E0A0010605F /* Color.swift in Sources */ = {isa = PBXBuildFile; fileRef = 42D821EE29285E0A0010605F /* Color.swift */; };
/* End PBXBuildFile section */

/* Begin PBXFileReference section */
		429FE97C2928D990006B4A64 /* KartenViewModel.swift */ = {isa = PBXFileReference; lastKnownFileType = sourcecode.swift; path = KartenViewModel.swift; sourceTree = "<group>"; };
		429FE97E2928D9C0006B4A64 /* KartenView.swift */ = {isa = PBXFileReference; lastKnownFileType = sourcecode.swift; path = KartenView.swift; sourceTree = "<group>"; };
		429FE9802928DEF5006B4A64 /* HTTPMethod.swift */ = {isa = PBXFileReference; lastKnownFileType = sourcecode.swift; path = HTTPMethod.swift; sourceTree = "<group>"; };
		429FE9852928E366006B4A64 /* DavidClient.swift */ = {isa = PBXFileReference; lastKnownFileType = sourcecode.swift; path = DavidClient.swift; sourceTree = "<group>"; };
		42D821C3292859D50010605F /* david.app */ = {isa = PBXFileReference; explicitFileType = wrapper.application; includeInIndex = 0; path = david.app; sourceTree = BUILT_PRODUCTS_DIR; };
		42D821C6292859D50010605F /* davidApp.swift */ = {isa = PBXFileReference; lastKnownFileType = sourcecode.swift; path = davidApp.swift; sourceTree = "<group>"; };
		42D821CA292859D70010605F /* Assets.xcassets */ = {isa = PBXFileReference; lastKnownFileType = folder.assetcatalog; path = Assets.xcassets; sourceTree = "<group>"; };
		42D821CD292859D70010605F /* Preview Assets.xcassets */ = {isa = PBXFileReference; lastKnownFileType = folder.assetcatalog; path = "Preview Assets.xcassets"; sourceTree = "<group>"; };
		42D821D529285ADE0010605F /* MainView.swift */ = {isa = PBXFileReference; lastKnownFileType = sourcecode.swift; path = MainView.swift; sourceTree = "<group>"; };
		42D821D729285B1D0010605F /* AccountView.swift */ = {isa = PBXFileReference; lastKnownFileType = sourcecode.swift; path = AccountView.swift; sourceTree = "<group>"; };
		42D821D929285B2D0010605F /* LeaderBoardView.swift */ = {isa = PBXFileReference; lastKnownFileType = sourcecode.swift; path = LeaderBoardView.swift; sourceTree = "<group>"; };
		42D821DB29285B360010605F /* MapView.swift */ = {isa = PBXFileReference; lastKnownFileType = sourcecode.swift; path = MapView.swift; sourceTree = "<group>"; };
		42D821DE29285CFF0010605F /* ListComponent.swift */ = {isa = PBXFileReference; lastKnownFileType = sourcecode.swift; path = ListComponent.swift; sourceTree = "<group>"; };
		42D821E029285D1A0010605F /* TextComponent.swift */ = {isa = PBXFileReference; lastKnownFileType = sourcecode.swift; path = TextComponent.swift; sourceTree = "<group>"; };
		42D821E329285D4B0010605F /* DescriptionModifier.swift */ = {isa = PBXFileReference; lastKnownFileType = sourcecode.swift; path = DescriptionModifier.swift; sourceTree = "<group>"; };
		42D821E529285D690010605F /* ProfilePictureModifier.swift */ = {isa = PBXFileReference; lastKnownFileType = sourcecode.swift; path = ProfilePictureModifier.swift; sourceTree = "<group>"; };
		42D821E729285D960010605F /* TextModifier.swift */ = {isa = PBXFileReference; lastKnownFileType = sourcecode.swift; path = TextModifier.swift; sourceTree = "<group>"; };
		42D821E929285DB90010605F /* TitleModifier.swift */ = {isa = PBXFileReference; lastKnownFileType = sourcecode.swift; path = TitleModifier.swift; sourceTree = "<group>"; };
		42D821EE29285E0A0010605F /* Color.swift */ = {isa = PBXFileReference; lastKnownFileType = sourcecode.swift; path = Color.swift; sourceTree = "<group>"; };
		42D821F029285EAE0010605F /* KohSantepheap-Black.ttf */ = {isa = PBXFileReference; lastKnownFileType = file; path = "KohSantepheap-Black.ttf"; sourceTree = "<group>"; };
		42D821F129285EAE0010605F /* KohSantepheap-Regular.ttf */ = {isa = PBXFileReference; lastKnownFileType = file; path = "KohSantepheap-Regular.ttf"; sourceTree = "<group>"; };
		42D821F229285EAE0010605F /* KohSantepheap-Bold.ttf */ = {isa = PBXFileReference; lastKnownFileType = file; path = "KohSantepheap-Bold.ttf"; sourceTree = "<group>"; };
		42D821F329285EAF0010605F /* KohSantepheap-Thin.ttf */ = {isa = PBXFileReference; lastKnownFileType = file; path = "KohSantepheap-Thin.ttf"; sourceTree = "<group>"; };
		42D821F429285EAF0010605F /* KohSantepheap-Light.ttf */ = {isa = PBXFileReference; lastKnownFileType = file; path = "KohSantepheap-Light.ttf"; sourceTree = "<group>"; };
/* End PBXFileReference section */

/* Begin PBXFrameworksBuildPhase section */
		42D821C0292859D50010605F /* Frameworks */ = {
			isa = PBXFrameworksBuildPhase;
			buildActionMask = 2147483647;
			files = (
			);
			runOnlyForDeploymentPostprocessing = 0;
		};
/* End PBXFrameworksBuildPhase section */

/* Begin PBXGroup section */
		429FE9842928E348006B4A64 /* apiServices */ = {
			isa = PBXGroup;
			children = (
				429FE9852928E366006B4A64 /* DavidClient.swift */,
			);
			path = apiServices;
			sourceTree = "<group>";
		};
		42D821BA292859D50010605F = {
			isa = PBXGroup;
			children = (
				42D821C5292859D50010605F /* david */,
				42D821C4292859D50010605F /* Products */,
			);
			sourceTree = "<group>";
		};
		42D821C4292859D50010605F /* Products */ = {
			isa = PBXGroup;
			children = (
				42D821C3292859D50010605F /* david.app */,
			);
			name = Products;
			sourceTree = "<group>";
		};
		42D821C5292859D50010605F /* david */ = {
			isa = PBXGroup;
			children = (
				429FE9842928E348006B4A64 /* apiServices */,
				42D821F6292864A90010605F /* model */,
				42D821F52928649D0010605F /* viewModel */,
				42D821ED29285DFD0010605F /* utils */,
				42D821EB29285DCF0010605F /* resources */,
				42D821E229285D350010605F /* viewModifiers */,
				42D821D429285AB30010605F /* views */,
				42D821C6292859D50010605F /* davidApp.swift */,
				42D821CA292859D70010605F /* Assets.xcassets */,
				42D821CC292859D70010605F /* Preview Content */,
			);
			path = david;
			sourceTree = "<group>";
		};
		42D821CC292859D70010605F /* Preview Content */ = {
			isa = PBXGroup;
			children = (
				42D821CD292859D70010605F /* Preview Assets.xcassets */,
			);
			path = "Preview Content";
			sourceTree = "<group>";
		};
		42D821D429285AB30010605F /* views */ = {
			isa = PBXGroup;
			children = (
				42D821DD29285CF10010605F /* components */,
				42D821D529285ADE0010605F /* MainView.swift */,
				42D821D729285B1D0010605F /* AccountView.swift */,
				42D821D929285B2D0010605F /* LeaderBoardView.swift */,
				42D821DB29285B360010605F /* MapView.swift */,
				429FE97E2928D9C0006B4A64 /* KartenView.swift */,
			);
			path = views;
			sourceTree = "<group>";
		};
		42D821DD29285CF10010605F /* components */ = {
			isa = PBXGroup;
			children = (
				42D821DE29285CFF0010605F /* ListComponent.swift */,
				42D821E029285D1A0010605F /* TextComponent.swift */,
			);
			path = components;
			sourceTree = "<group>";
		};
		42D821E229285D350010605F /* viewModifiers */ = {
			isa = PBXGroup;
			children = (
				42D821E329285D4B0010605F /* DescriptionModifier.swift */,
				42D821E529285D690010605F /* ProfilePictureModifier.swift */,
				42D821E729285D960010605F /* TextModifier.swift */,
				42D821E929285DB90010605F /* TitleModifier.swift */,
			);
			path = viewModifiers;
			sourceTree = "<group>";
		};
		42D821EB29285DCF0010605F /* resources */ = {
			isa = PBXGroup;
			children = (
				42D821EC29285DD50010605F /* fonts */,
			);
			path = resources;
			sourceTree = "<group>";
		};
		42D821EC29285DD50010605F /* fonts */ = {
			isa = PBXGroup;
			children = (
				42D821F029285EAE0010605F /* KohSantepheap-Black.ttf */,
				42D821F229285EAE0010605F /* KohSantepheap-Bold.ttf */,
				42D821F429285EAF0010605F /* KohSantepheap-Light.ttf */,
				42D821F129285EAE0010605F /* KohSantepheap-Regular.ttf */,
				42D821F329285EAF0010605F /* KohSantepheap-Thin.ttf */,
			);
			path = fonts;
			sourceTree = "<group>";
		};
		42D821ED29285DFD0010605F /* utils */ = {
			isa = PBXGroup;
			children = (
				42D821EE29285E0A0010605F /* Color.swift */,
			);
			path = utils;
			sourceTree = "<group>";
		};
		42D821F52928649D0010605F /* viewModel */ = {
			isa = PBXGroup;
			children = (
				429FE97C2928D990006B4A64 /* KartenViewModel.swift */,
			);
			path = viewModel;
			sourceTree = "<group>";
		};
		42D821F6292864A90010605F /* model */ = {
			isa = PBXGroup;
			children = (
				429FE9802928DEF5006B4A64 /* HTTPMethod.swift */,
			);
			path = model;
			sourceTree = "<group>";
		};
/* End PBXGroup section */

/* Begin PBXNativeTarget section */
		42D821C2292859D50010605F /* david */ = {
			isa = PBXNativeTarget;
			buildConfigurationList = 42D821D1292859D70010605F /* Build configuration list for PBXNativeTarget "david" */;
			buildPhases = (
				42D821BF292859D50010605F /* Sources */,
				42D821C0292859D50010605F /* Frameworks */,
				42D821C1292859D50010605F /* Resources */,
			);
			buildRules = (
			);
			dependencies = (
			);
			name = david;
			productName = david;
			productReference = 42D821C3292859D50010605F /* david.app */;
			productType = "com.apple.product-type.application";
		};
/* End PBXNativeTarget section */

/* Begin PBXProject section */
		42D821BB292859D50010605F /* Project object */ = {
			isa = PBXProject;
			attributes = {
				BuildIndependentTargetsInParallel = 1;
				LastSwiftUpdateCheck = 1410;
				LastUpgradeCheck = 1410;
				TargetAttributes = {
					42D821C2292859D50010605F = {
						CreatedOnToolsVersion = 14.1;
					};
				};
			};
			buildConfigurationList = 42D821BE292859D50010605F /* Build configuration list for PBXProject "david" */;
			compatibilityVersion = "Xcode 14.0";
			developmentRegion = en;
			hasScannedForEncodings = 0;
			knownRegions = (
				en,
				Base,
			);
			mainGroup = 42D821BA292859D50010605F;
			productRefGroup = 42D821C4292859D50010605F /* Products */;
			projectDirPath = "";
			projectRoot = "";
			targets = (
				42D821C2292859D50010605F /* david */,
			);
		};
/* End PBXProject section */

/* Begin PBXResourcesBuildPhase section */
		42D821C1292859D50010605F /* Resources */ = {
			isa = PBXResourcesBuildPhase;
			buildActionMask = 2147483647;
			files = (
				42D821CE292859D70010605F /* Preview Assets.xcassets in Resources */,
				42D821CB292859D70010605F /* Assets.xcassets in Resources */,
			);
			runOnlyForDeploymentPostprocessing = 0;
		};
/* End PBXResourcesBuildPhase section */

/* Begin PBXSourcesBuildPhase section */
		42D821BF292859D50010605F /* Sources */ = {
			isa = PBXSourcesBuildPhase;
			buildActionMask = 2147483647;
			files = (
				42D821D829285B1D0010605F /* AccountView.swift in Sources */,
				42D821DF29285CFF0010605F /* ListComponent.swift in Sources */,
				42D821DC29285B360010605F /* MapView.swift in Sources */,
				42D821EA29285DB90010605F /* TitleModifier.swift in Sources */,
				42D821E629285D690010605F /* ProfilePictureModifier.swift in Sources */,
				42D821D629285ADE0010605F /* MainView.swift in Sources */,
				429FE97D2928D990006B4A64 /* KartenViewModel.swift in Sources */,
				42D821E829285D960010605F /* TextModifier.swift in Sources */,
				42D821EF29285E0A0010605F /* Color.swift in Sources */,
				429FE97F2928D9C0006B4A64 /* KartenView.swift in Sources */,
				429FE9812928DEF5006B4A64 /* HTTPMethod.swift in Sources */,
				42D821C7292859D50010605F /* davidApp.swift in Sources */,
				42D821E429285D4B0010605F /* DescriptionModifier.swift in Sources */,
				429FE9862928E366006B4A64 /* DavidClient.swift in Sources */,
				42D821E129285D1A0010605F /* TextComponent.swift in Sources */,
				42D821DA29285B2D0010605F /* LeaderBoardView.swift in Sources */,
			);
			runOnlyForDeploymentPostprocessing = 0;
		};
/* End PBXSourcesBuildPhase section */

/* Begin XCBuildConfiguration section */
		42D821CF292859D70010605F /* Debug */ = {
			isa = XCBuildConfiguration;
			buildSettings = {
				ALWAYS_SEARCH_USER_PATHS = NO;
				CLANG_ANALYZER_NONNULL = YES;
				CLANG_ANALYZER_NUMBER_OBJECT_CONVERSION = YES_AGGRESSIVE;
				CLANG_CXX_LANGUAGE_STANDARD = "gnu++20";
				CLANG_ENABLE_MODULES = YES;
				CLANG_ENABLE_OBJC_ARC = YES;
				CLANG_ENABLE_OBJC_WEAK = YES;
				CLANG_WARN_BLOCK_CAPTURE_AUTORELEASING = YES;
				CLANG_WARN_BOOL_CONVERSION = YES;
				CLANG_WARN_COMMA = YES;
				CLANG_WARN_CONSTANT_CONVERSION = YES;
				CLANG_WARN_DEPRECATED_OBJC_IMPLEMENTATIONS = YES;
				CLANG_WARN_DIRECT_OBJC_ISA_USAGE = YES_ERROR;
				CLANG_WARN_DOCUMENTATION_COMMENTS = YES;
				CLANG_WARN_EMPTY_BODY = YES;
				CLANG_WARN_ENUM_CONVERSION = YES;
				CLANG_WARN_INFINITE_RECURSION = YES;
				CLANG_WARN_INT_CONVERSION = YES;
				CLANG_WARN_NON_LITERAL_NULL_CONVERSION = YES;
				CLANG_WARN_OBJC_IMPLICIT_RETAIN_SELF = YES;
				CLANG_WARN_OBJC_LITERAL_CONVERSION = YES;
				CLANG_WARN_OBJC_ROOT_CLASS = YES_ERROR;
				CLANG_WARN_QUOTED_INCLUDE_IN_FRAMEWORK_HEADER = YES;
				CLANG_WARN_RANGE_LOOP_ANALYSIS = YES;
				CLANG_WARN_STRICT_PROTOTYPES = YES;
				CLANG_WARN_SUSPICIOUS_MOVE = YES;
				CLANG_WARN_UNGUARDED_AVAILABILITY = YES_AGGRESSIVE;
				CLANG_WARN_UNREACHABLE_CODE = YES;
				CLANG_WARN__DUPLICATE_METHOD_MATCH = YES;
				COPY_PHASE_STRIP = NO;
				DEBUG_INFORMATION_FORMAT = dwarf;
				ENABLE_STRICT_OBJC_MSGSEND = YES;
				ENABLE_TESTABILITY = YES;
				GCC_C_LANGUAGE_STANDARD = gnu11;
				GCC_DYNAMIC_NO_PIC = NO;
				GCC_NO_COMMON_BLOCKS = YES;
				GCC_OPTIMIZATION_LEVEL = 0;
				GCC_PREPROCESSOR_DEFINITIONS = (
					"DEBUG=1",
					"$(inherited)",
				);
				GCC_WARN_64_TO_32_BIT_CONVERSION = YES;
				GCC_WARN_ABOUT_RETURN_TYPE = YES_ERROR;
				GCC_WARN_UNDECLARED_SELECTOR = YES;
				GCC_WARN_UNINITIALIZED_AUTOS = YES_AGGRESSIVE;
				GCC_WARN_UNUSED_FUNCTION = YES;
				GCC_WARN_UNUSED_VARIABLE = YES;
				IPHONEOS_DEPLOYMENT_TARGET = 16.1;
				MTL_ENABLE_DEBUG_INFO = INCLUDE_SOURCE;
				MTL_FAST_MATH = YES;
				ONLY_ACTIVE_ARCH = YES;
				SDKROOT = iphoneos;
				SWIFT_ACTIVE_COMPILATION_CONDITIONS = DEBUG;
				SWIFT_OPTIMIZATION_LEVEL = "-Onone";
			};
			name = Debug;
		};
		42D821D0292859D70010605F /* Release */ = {
			isa = XCBuildConfiguration;
			buildSettings = {
				ALWAYS_SEARCH_USER_PATHS = NO;
				CLANG_ANALYZER_NONNULL = YES;
				CLANG_ANALYZER_NUMBER_OBJECT_CONVERSION = YES_AGGRESSIVE;
				CLANG_CXX_LANGUAGE_STANDARD = "gnu++20";
				CLANG_ENABLE_MODULES = YES;
				CLANG_ENABLE_OBJC_ARC = YES;
				CLANG_ENABLE_OBJC_WEAK = YES;
				CLANG_WARN_BLOCK_CAPTURE_AUTORELEASING = YES;
				CLANG_WARN_BOOL_CONVERSION = YES;
				CLANG_WARN_COMMA = YES;
				CLANG_WARN_CONSTANT_CONVERSION = YES;
				CLANG_WARN_DEPRECATED_OBJC_IMPLEMENTATIONS = YES;
				CLANG_WARN_DIRECT_OBJC_ISA_USAGE = YES_ERROR;
				CLANG_WARN_DOCUMENTATION_COMMENTS = YES;
				CLANG_WARN_EMPTY_BODY = YES;
				CLANG_WARN_ENUM_CONVERSION = YES;
				CLANG_WARN_INFINITE_RECURSION = YES;
				CLANG_WARN_INT_CONVERSION = YES;
				CLANG_WARN_NON_LITERAL_NULL_CONVERSION = YES;
				CLANG_WARN_OBJC_IMPLICIT_RETAIN_SELF = YES;
				CLANG_WARN_OBJC_LITERAL_CONVERSION = YES;
				CLANG_WARN_OBJC_ROOT_CLASS = YES_ERROR;
				CLANG_WARN_QUOTED_INCLUDE_IN_FRAMEWORK_HEADER = YES;
				CLANG_WARN_RANGE_LOOP_ANALYSIS = YES;
				CLANG_WARN_STRICT_PROTOTYPES = YES;
				CLANG_WARN_SUSPICIOUS_MOVE = YES;
				CLANG_WARN_UNGUARDED_AVAILABILITY = YES_AGGRESSIVE;
				CLANG_WARN_UNREACHABLE_CODE = YES;
				CLANG_WARN__DUPLICATE_METHOD_MATCH = YES;
				COPY_PHASE_STRIP = NO;
				DEBUG_INFORMATION_FORMAT = "dwarf-with-dsym";
				ENABLE_NS_ASSERTIONS = NO;
				ENABLE_STRICT_OBJC_MSGSEND = YES;
				GCC_C_LANGUAGE_STANDARD = gnu11;
				GCC_NO_COMMON_BLOCKS = YES;
				GCC_WARN_64_TO_32_BIT_CONVERSION = YES;
				GCC_WARN_ABOUT_RETURN_TYPE = YES_ERROR;
				GCC_WARN_UNDECLARED_SELECTOR = YES;
				GCC_WARN_UNINITIALIZED_AUTOS = YES_AGGRESSIVE;
				GCC_WARN_UNUSED_FUNCTION = YES;
				GCC_WARN_UNUSED_VARIABLE = YES;
				IPHONEOS_DEPLOYMENT_TARGET = 16.1;
				MTL_ENABLE_DEBUG_INFO = NO;
				MTL_FAST_MATH = YES;
				SDKROOT = iphoneos;
				SWIFT_COMPILATION_MODE = wholemodule;
				SWIFT_OPTIMIZATION_LEVEL = "-O";
				VALIDATE_PRODUCT = YES;
			};
			name = Release;
		};
		42D821D2292859D70010605F /* Debug */ = {
			isa = XCBuildConfiguration;
			buildSettings = {
				ASSETCATALOG_COMPILER_APPICON_NAME = AppIcon;
				ASSETCATALOG_COMPILER_GLOBAL_ACCENT_COLOR_NAME = AccentColor;
				CODE_SIGN_STYLE = Automatic;
				CURRENT_PROJECT_VERSION = 1;
				DEVELOPMENT_ASSET_PATHS = "\"david/Preview Content\"";
				DEVELOPMENT_TEAM = SR29XA88VK;
				ENABLE_PREVIEWS = YES;
				GENERATE_INFOPLIST_FILE = YES;
				INFOPLIST_KEY_NSLocationWhenInUseUsageDescription = "We need your location to idk";
				INFOPLIST_KEY_UIApplicationSceneManifest_Generation = YES;
				INFOPLIST_KEY_UIApplicationSupportsIndirectInputEvents = YES;
				INFOPLIST_KEY_UILaunchScreen_Generation = YES;
				INFOPLIST_KEY_UISupportedInterfaceOrientations_iPad = "UIInterfaceOrientationPortrait UIInterfaceOrientationPortraitUpsideDown UIInterfaceOrientationLandscapeLeft UIInterfaceOrientationLandscapeRight";
				INFOPLIST_KEY_UISupportedInterfaceOrientations_iPhone = "UIInterfaceOrientationPortrait UIInterfaceOrientationLandscapeLeft UIInterfaceOrientationLandscapeRight";
				LD_RUNPATH_SEARCH_PATHS = (
					"$(inherited)",
					"@executable_path/Frameworks",
				);
				MARKETING_VERSION = 1.0;
				PRODUCT_BUNDLE_IDENTIFIER = me.heidialbarazi.david;
				PRODUCT_NAME = "$(TARGET_NAME)";
				SWIFT_EMIT_LOC_STRINGS = YES;
				SWIFT_VERSION = 5.0;
				TARGETED_DEVICE_FAMILY = "1,2";
			};
			name = Debug;
		};
		42D821D3292859D70010605F /* Release */ = {
			isa = XCBuildConfiguration;
			buildSettings = {
				ASSETCATALOG_COMPILER_APPICON_NAME = AppIcon;
				ASSETCATALOG_COMPILER_GLOBAL_ACCENT_COLOR_NAME = AccentColor;
				CODE_SIGN_STYLE = Automatic;
				CURRENT_PROJECT_VERSION = 1;
				DEVELOPMENT_ASSET_PATHS = "\"david/Preview Content\"";
				DEVELOPMENT_TEAM = SR29XA88VK;
				ENABLE_PREVIEWS = YES;
				GENERATE_INFOPLIST_FILE = YES;
				INFOPLIST_KEY_NSLocationWhenInUseUsageDescription = "We need your location to idk";
				INFOPLIST_KEY_UIApplicationSceneManifest_Generation = YES;
				INFOPLIST_KEY_UIApplicationSupportsIndirectInputEvents = YES;
				INFOPLIST_KEY_UILaunchScreen_Generation = YES;
				INFOPLIST_KEY_UISupportedInterfaceOrientations_iPad = "UIInterfaceOrientationPortrait UIInterfaceOrientationPortraitUpsideDown UIInterfaceOrientationLandscapeLeft UIInterfaceOrientationLandscapeRight";
				INFOPLIST_KEY_UISupportedInterfaceOrientations_iPhone = "UIInterfaceOrientationPortrait UIInterfaceOrientationLandscapeLeft UIInterfaceOrientationLandscapeRight";
				LD_RUNPATH_SEARCH_PATHS = (
					"$(inherited)",
					"@executable_path/Frameworks",
				);
				MARKETING_VERSION = 1.0;
				PRODUCT_BUNDLE_IDENTIFIER = me.heidialbarazi.david;
				PRODUCT_NAME = "$(TARGET_NAME)";
				SWIFT_EMIT_LOC_STRINGS = YES;
				SWIFT_VERSION = 5.0;
				TARGETED_DEVICE_FAMILY = "1,2";
			};
			name = Release;
		};
/* End XCBuildConfiguration section */

/* Begin XCConfigurationList section */
		42D821BE292859D50010605F /* Build configuration list for PBXProject "david" */ = {
			isa = XCConfigurationList;
			buildConfigurations = (
				42D821CF292859D70010605F /* Debug */,
				42D821D0292859D70010605F /* Release */,
			);
			defaultConfigurationIsVisible = 0;
			defaultConfigurationName = Release;
		};
		42D821D1292859D70010605F /* Build configuration list for PBXNativeTarget "david" */ = {
			isa = XCConfigurationList;
			buildConfigurations = (
				42D821D2292859D70010605F /* Debug */,
				42D821D3292859D70010605F /* Release */,
			);
			defaultConfigurationIsVisible = 0;
			defaultConfigurationName = Release;
		};
/* End XCConfigurationList section */
	};
	rootObject = 42D821BB292859D50010605F /* Project object */;
}
